
Microsoft Visual Studio Solution File, Format Version 12.00
# Visual Studio Version 17
VisualStudioVersion = 17.2.32526.322
MinimumVisualStudioVersion = 10.0.40219.1
Project("{FAE04EC0-301F-11D3-BF4B-00C04F79EFBC}") = "SpaceGame", "Space Game\SpaceGame.csproj", "{93A04F79-B95C-4B3E-BE15-09582E63D494}"
EndProject
Global
	GlobalSection(SolutionConfigurationPlatforms) = preSolution
		Debug|Any CPU = Debug|Any CPU
		Release|Any CPU = Release|Any CPU
	EndGlobalSection
	GlobalSection(ProjectConfigurationPlatforms) = postSolution
		{93A04F79-B95C-4B3E-BE15-09582E63D494}.Debug|Any CPU.ActiveCfg = Debug|Any CPU
		{93A04F79-B95C-4B3E-BE15-09582E63D494}.Debug|Any CPU.Build.0 = Debug|Any CPU
		{93A04F79-B95C-4B3E-BE15-09582E63D494}.Release|Any CPU.ActiveCfg = Release|Any CPU
		{93A04F79-B95C-4B3E-BE15-09582E63D494}.Release|Any CPU.Build.0 = Release|Any CPU
	EndGlobalSection
	GlobalSection(SolutionProperties) = preSolution
		HideSolutionNode = FALSE
	EndGlobalSection
	GlobalSection(ExtensibilityGlobals) = postSolution
		SolutionGuid = {8B9228EF-A7D1-4D2C-84BC-6239CAC700BA}
	EndGlobalSection
EndGlobal
